
Microsoft Visual Studio Solution File, Format Version 12.00
# Visual Studio Version 17
VisualStudioVersion = 17.7.34031.279
MinimumVisualStudioVersion = 10.0.40219.1
Project("{FAE04EC0-301F-11D3-BF4B-00C04F79EFBC}") = "Balanugettestlogger", "Balanugettestlogger.csproj", "{82866AC0-C87C-451A-B1B3-875D9819E381}"
EndProject
Global
	GlobalSection(SolutionConfigurationPlatforms) = preSolution
		Debug|Any CPU = Debug|Any CPU
		Release|Any CPU = Release|Any CPU
	EndGlobalSection
	GlobalSection(ProjectConfigurationPlatforms) = postSolution
		{82866AC0-C87C-451A-B1B3-875D9819E381}.Debug|Any CPU.ActiveCfg = Debug|Any CPU
		{82866AC0-C87C-451A-B1B3-875D9819E381}.Debug|Any CPU.Build.0 = Debug|Any CPU
		{82866AC0-C87C-451A-B1B3-875D9819E381}.Release|Any CPU.ActiveCfg = Release|Any CPU
		{82866AC0-C87C-451A-B1B3-875D9819E381}.Release|Any CPU.Build.0 = Release|Any CPU
	EndGlobalSection
	GlobalSection(SolutionProperties) = preSolution
		HideSolutionNode = FALSE
	EndGlobalSection
	GlobalSection(ExtensibilityGlobals) = postSolution
		SolutionGuid = {5C342493-A777-4370-B63D-4F72A2CA87AE}
	EndGlobalSection
EndGlobal
